{
  "name": "ngx-smart-modal",
  "version": "1.0.0",
  "lockfileVersion": 1,
  "dependencies": {
    "@angular/animations": {
      "version": "4.2.3",
      "resolved": "https://registry.npmjs.org/@angular/animations/-/animations-4.2.3.tgz",
      "integrity": "sha1-aGkmpp0MnCapvK0mzW+9AkW7bBs="
    },
    "@angular/core": {
      "version": "4.2.3",
      "resolved": "https://registry.npmjs.org/@angular/core/-/core-4.2.3.tgz",
      "integrity": "sha1-q3MpwY1P0wWHK4Jxj/rj525NRUk="
    },
    "@angular/platform-browser": {
      "version": "4.2.3",
      "resolved": "https://registry.npmjs.org/@angular/platform-browser/-/platform-browser-4.2.3.tgz",
      "integrity": "sha1-mhrM/J6TqVYQErugN6BLQc7cAlU="
    },
    "tslib": {
      "version": "1.7.1",
      "resolved": "https://registry.npmjs.org/tslib/-/tslib-1.7.1.tgz",
      "integrity": "sha1-vIAEFkaRkjp5/oN4u+s9ogF1OOw="
    },
    "typescript": {
      "version": "2.3.4",
      "resolved": "https://registry.npmjs.org/typescript/-/typescript-2.3.4.tgz",
      "integrity": "sha1-PTgyGCgjHkNPKHUUlZw3qCtin0I=",
      "dev": true
    }
  }
}
